
Microsoft Visual Studio Solution File, Format Version 12.00
# Visual Studio Version 16
VisualStudioVersion = 16.0.29102.190
MinimumVisualStudioVersion = 10.0.40219.1
Project("{FAE04EC0-301F-11D3-BF4B-00C04F79EFBC}") = "Animations.UWP", "Animations.UWP\Animations.UWP.csproj", "{8C233470-A15A-4CA8-AC63-8EB42F79F1B5}"
EndProject
Project("{FAE04EC0-301F-11D3-BF4B-00C04F79EFBC}") = "Animations.Android", "Animations.Android\Animations.Android.csproj", "{DA580FC2-DFA1-4553-A68A-B23FBEF45218}"
EndProject
Project("{FAE04EC0-301F-11D3-BF4B-00C04F79EFBC}") = "Animations.iOS", "Animations.iOS\Animations.iOS.csproj", "{D7EC84AF-FEEF-4358-88C6-472374DD9545}"
EndProject
Project("{FAE04EC0-301F-11D3-BF4B-00C04F79EFBC}") = "Animations", "Animations\Animations.csproj", "{1D5DF4D0-4A37-4E67-AB92-C6C8B8C54503}"
EndProject
Global
	GlobalSection(SolutionConfigurationPlatforms) = preSolution
		Debug|Any CPU = Debug|Any CPU
		Debug|ARM = Debug|ARM
		Debug|iPhone = Debug|iPhone
		Debug|iPhoneSimulator = Debug|iPhoneSimulator
		Debug|x64 = Debug|x64
		Debug|x86 = Debug|x86
		Release|Any CPU = Release|Any CPU
		Release|ARM = Release|ARM
		Release|iPhone = Release|iPhone
		Release|iPhoneSimulator = Release|iPhoneSimulator
		Release|x64 = Release|x64
		Release|x86 = Release|x86
	EndGlobalSection
	GlobalSection(ProjectConfigurationPlatforms) = postSolution
		{8C233470-A15A-4CA8-AC63-8EB42F79F1B5}.Debug|Any CPU.ActiveCfg = Debug|x86
		{8C233470-A15A-4CA8-AC63-8EB42F79F1B5}.Debug|Any CPU.Build.0 = Debug|x86
		{8C233470-A15A-4CA8-AC63-8EB42F79F1B5}.Debug|Any CPU.Deploy.0 = Debug|x86
		{8C233470-A15A-4CA8-AC63-8EB42F79F1B5}.Debug|ARM.ActiveCfg = Debug|ARM
		{8C233470-A15A-4CA8-AC63-8EB42F79F1B5}.Debug|ARM.Build.0 = Debug|ARM
		{8C233470-A15A-4CA8-AC63-8EB42F79F1B5}.Debug|ARM.Deploy.0 = Debug|ARM
		{8C233470-A15A-4CA8-AC63-8EB42F79F1B5}.Debug|iPhone.ActiveCfg = Debug|x86
		{8C233470-A15A-4CA8-AC63-8EB42F79F1B5}.Debug|iPhone.Build.0 = Debug|x86
		{8C233470-A15A-4CA8-AC63-8EB42F79F1B5}.Debug|iPhone.Deploy.0 = Debug|x86
		{8C233470-A15A-4CA8-AC63-8EB42F79F1B5}.Debug|iPhoneSimulator.ActiveCfg = Debug|x86
		{8C233470-A15A-4CA8-AC63-8EB42F79F1B5}.Debug|iPhoneSimulator.Build.0 = Debug|x86
		{8C233470-A15A-4CA8-AC63-8EB42F79F1B5}.Debug|iPhoneSimulator.Deploy.0 = Debug|x86
		{8C233470-A15A-4CA8-AC63-8EB42F79F1B5}.Debug|x64.ActiveCfg = Debug|x64
		{8C233470-A15A-4CA8-AC63-8EB42F79F1B5}.Debug|x64.Build.0 = Debug|x64
		{8C233470-A15A-4CA8-AC63-8EB42F79F1B5}.Debug|x64.Deploy.0 = Debug|x64
		{8C233470-A15A-4CA8-AC63-8EB42F79F1B5}.Debug|x86.ActiveCfg = Debug|x86
		{8C233470-A15A-4CA8-AC63-8EB42F79F1B5}.Debug|x86.Build.0 = Debug|x86
		{8C233470-A15A-4CA8-AC63-8EB42F79F1B5}.Debug|x86.Deploy.0 = Debug|x86
		{8C233470-A15A-4CA8-AC63-8EB42F79F1B5}.Release|Any CPU.ActiveCfg = Release|x86
		{8C233470-A15A-4CA8-AC63-8EB42F79F1B5}.Release|Any CPU.Build.0 = Release|x86
		{8C233470-A15A-4CA8-AC63-8EB42F79F1B5}.Release|Any CPU.Deploy.0 = Release|x86
		{8C233470-A15A-4CA8-AC63-8EB42F79F1B5}.Release|ARM.ActiveCfg = Release|ARM
		{8C233470-A15A-4CA8-AC63-8EB42F79F1B5}.Release|ARM.Build.0 = Release|ARM
		{8C233470-A15A-4CA8-AC63-8EB42F79F1B5}.Release|ARM.Deploy.0 = Release|ARM
		{8C233470-A15A-4CA8-AC63-8EB42F79F1B5}.Release|iPhone.ActiveCfg = Release|x86
		{8C233470-A15A-4CA8-AC63-8EB42F79F1B5}.Release|iPhone.Build.0 = Release|x86
		{8C233470-A15A-4CA8-AC63-8EB42F79F1B5}.Release|iPhone.Deploy.0 = Release|x86
		{8C233470-A15A-4CA8-AC63-8EB42F79F1B5}.Release|iPhoneSimulator.ActiveCfg = Release|x86
		{8C233470-A15A-4CA8-AC63-8EB42F79F1B5}.Release|iPhoneSimulator.Build.0 = Release|x86
		{8C233470-A15A-4CA8-AC63-8EB42F79F1B5}.Release|iPhoneSimulator.Deploy.0 = Release|x86
		{8C233470-A15A-4CA8-AC63-8EB42F79F1B5}.Release|x64.ActiveCfg = Release|x64
		{8C233470-A15A-4CA8-AC63-8EB42F79F1B5}.Release|x64.Build.0 = Release|x64
		{8C233470-A15A-4CA8-AC63-8EB42F79F1B5}.Release|x64.Deploy.0 = Release|x64
		{8C233470-A15A-4CA8-AC63-8EB42F79F1B5}.Release|x86.ActiveCfg = Release|x86
		{8C233470-A15A-4CA8-AC63-8EB42F79F1B5}.Release|x86.Build.0 = Release|x86
		{8C233470-A15A-4CA8-AC63-8EB42F79F1B5}.Release|x86.Deploy.0 = Release|x86
		{DA580FC2-DFA1-4553-A68A-B23FBEF45218}.Debug|Any CPU.ActiveCfg = Debug|Any CPU
		{DA580FC2-DFA1-4553-A68A-B23FBEF45218}.Debug|Any CPU.Build.0 = Debug|Any CPU
		{DA580FC2-DFA1-4553-A68A-B23FBEF45218}.Debug|Any CPU.Deploy.0 = Debug|Any CPU
		{DA580FC2-DFA1-4553-A68A-B23FBEF45218}.Debug|ARM.ActiveCfg = Debug|Any CPU
		{DA580FC2-DFA1-4553-A68A-B23FBEF45218}.Debug|ARM.Build.0 = Debug|Any CPU
		{DA580FC2-DFA1-4553-A68A-B23FBEF45218}.Debug|ARM.Deploy.0 = Debug|Any CPU
		{DA580FC2-DFA1-4553-A68A-B23FBEF45218}.Debug|iPhone.ActiveCfg = Debug|Any CPU
		{DA580FC2-DFA1-4553-A68A-B23FBEF45218}.Debug|iPhone.Build.0 = Debug|Any CPU
		{DA580FC2-DFA1-4553-A68A-B23FBEF45218}.Debug|iPhone.Deploy.0 = Debug|Any CPU
		{DA580FC2-DFA1-4553-A68A-B23FBEF45218}.Debug|iPhoneSimulator.ActiveCfg = Debug|Any CPU
		{DA580FC2-DFA1-4553-A68A-B23FBEF45218}.Debug|iPhoneSimulator.Build.0 = Debug|Any CPU
		{DA580FC2-DFA1-4553-A68A-B23FBEF45218}.Debug|iPhoneSimulator.Deploy.0 = Debug|Any CPU
		{DA580FC2-DFA1-4553-A68A-B23FBEF45218}.Debug|x64.ActiveCfg = Debug|Any CPU
		{DA580FC2-DFA1-4553-A68A-B23FBEF45218}.Debug|x64.Build.0 = Debug|Any CPU
		{DA580FC2-DFA1-4553-A68A-B23FBEF45218}.Debug|x64.Deploy.0 = Debug|Any CPU
		{DA580FC2-DFA1-4553-A68A-B23FBEF45218}.Debug|x86.ActiveCfg = Debug|Any CPU
		{DA580FC2-DFA1-4553-A68A-B23FBEF45218}.Debug|x86.Build.0 = Debug|Any CPU
		{DA580FC2-DFA1-4553-A68A-B23FBEF45218}.Debug|x86.Deploy.0 = Debug|Any CPU
		{DA580FC2-DFA1-4553-A68A-B23FBEF45218}.Release|Any CPU.ActiveCfg = Release|Any CPU
		{DA580FC2-DFA1-4553-A68A-B23FBEF45218}.Release|Any CPU.Build.0 = Release|Any CPU
		{DA580FC2-DFA1-4553-A68A-B23FBEF45218}.Release|Any CPU.Deploy.0 = Release|Any CPU
		{DA580FC2-DFA1-4553-A68A-B23FBEF45218}.Release|ARM.ActiveCfg = Release|Any CPU
		{DA580FC2-DFA1-4553-A68A-B23FBEF45218}.Release|ARM.Build.0 = Release|Any CPU
		{DA580FC2-DFA1-4553-A68A-B23FBEF45218}.Release|ARM.Deploy.0 = Release|Any CPU
		{DA580FC2-DFA1-4553-A68A-B23FBEF45218}.Release|iPhone.ActiveCfg = Release|Any CPU
		{DA580FC2-DFA1-4553-A68A-B23FBEF45218}.Release|iPhone.Build.0 = Release|Any CPU
		{DA580FC2-DFA1-4553-A68A-B23FBEF45218}.Release|iPhone.Deploy.0 = Release|Any CPU
		{DA580FC2-DFA1-4553-A68A-B23FBEF45218}.Release|iPhoneSimulator.ActiveCfg = Release|Any CPU
		{DA580FC2-DFA1-4553-A68A-B23FBEF45218}.Release|iPhoneSimulator.Build.0 = Release|Any CPU
		{DA580FC2-DFA1-4553-A68A-B23FBEF45218}.Release|iPhoneSimulator.Deploy.0 = Release|Any CPU
		{DA580FC2-DFA1-4553-A68A-B23FBEF45218}.Release|x64.ActiveCfg = Release|Any CPU
		{DA580FC2-DFA1-4553-A68A-B23FBEF45218}.Release|x64.Build.0 = Release|Any CPU
		{DA580FC2-DFA1-4553-A68A-B23FBEF45218}.Release|x64.Deploy.0 = Release|Any CPU
		{DA580FC2-DFA1-4553-A68A-B23FBEF45218}.Release|x86.ActiveCfg = Release|Any CPU
		{DA580FC2-DFA1-4553-A68A-B23FBEF45218}.Release|x86.Build.0 = Release|Any CPU
		{DA580FC2-DFA1-4553-A68A-B23FBEF45218}.Release|x86.Deploy.0 = Release|Any CPU
		{D7EC84AF-FEEF-4358-88C6-472374DD9545}.Debug|Any CPU.ActiveCfg = Debug|iPhone
		{D7EC84AF-FEEF-4358-88C6-472374DD9545}.Debug|Any CPU.Build.0 = Debug|iPhone
		{D7EC84AF-FEEF-4358-88C6-472374DD9545}.Debug|Any CPU.Deploy.0 = Debug|iPhone
		{D7EC84AF-FEEF-4358-88C6-472374DD9545}.Debug|ARM.ActiveCfg = Debug|iPhoneSimulator
		{D7EC84AF-FEEF-4358-88C6-472374DD9545}.Debug|ARM.Build.0 = Debug|iPhoneSimulator
		{D7EC84AF-FEEF-4358-88C6-472374DD9545}.Debug|ARM.Deploy.0 = Debug|iPhoneSimulator
		{D7EC84AF-FEEF-4358-88C6-472374DD9545}.Debug|iPhone.ActiveCfg = Debug|iPhone
		{D7EC84AF-FEEF-4358-88C6-472374DD9545}.Debug|iPhone.Build.0 = Debug|iPhone
		{D7EC84AF-FEEF-4358-88C6-472374DD9545}.Debug|iPhone.Deploy.0 = Debug|iPhone
		{D7EC84AF-FEEF-4358-88C6-472374DD9545}.Debug|iPhoneSimulator.ActiveCfg = Debug|iPhoneSimulator
		{D7EC84AF-FEEF-4358-88C6-472374DD9545}.Debug|iPhoneSimulator.Build.0 = Debug|iPhoneSimulator
		{D7EC84AF-FEEF-4358-88C6-472374DD9545}.Debug|iPhoneSimulator.Deploy.0 = Debug|iPhoneSimulator
		{D7EC84AF-FEEF-4358-88C6-472374DD9545}.Debug|x64.ActiveCfg = Debug|iPhone
		{D7EC84AF-FEEF-4358-88C6-472374DD9545}.Debug|x64.Build.0 = Debug|iPhone
		{D7EC84AF-FEEF-4358-88C6-472374DD9545}.Debug|x64.Deploy.0 = Debug|iPhone
		{D7EC84AF-FEEF-4358-88C6-472374DD9545}.Debug|x86.ActiveCfg = Debug|iPhone
		{D7EC84AF-FEEF-4358-88C6-472374DD9545}.Debug|x86.Build.0 = Debug|iPhone
		{D7EC84AF-FEEF-4358-88C6-472374DD9545}.Debug|x86.Deploy.0 = Debug|iPhone
		{D7EC84AF-FEEF-4358-88C6-472374DD9545}.Release|Any CPU.ActiveCfg = Release|iPhone
		{D7EC84AF-FEEF-4358-88C6-472374DD9545}.Release|Any CPU.Build.0 = Release|iPhone
		{D7EC84AF-FEEF-4358-88C6-472374DD9545}.Release|Any CPU.Deploy.0 = Release|iPhone
		{D7EC84AF-FEEF-4358-88C6-472374DD9545}.Release|ARM.ActiveCfg = Release|iPhone
		{D7EC84AF-FEEF-4358-88C6-472374DD9545}.Release|ARM.Build.0 = Release|iPhone
		{D7EC84AF-FEEF-4358-88C6-472374DD9545}.Release|ARM.Deploy.0 = Release|iPhone
		{D7EC84AF-FEEF-4358-88C6-472374DD9545}.Release|iPhone.ActiveCfg = Release|iPhone
		{D7EC84AF-FEEF-4358-88C6-472374DD9545}.Release|iPhone.Build.0 = Release|iPhone
		{D7EC84AF-FEEF-4358-88C6-472374DD9545}.Release|iPhone.Deploy.0 = Release|iPhone
		{D7EC84AF-FEEF-4358-88C6-472374DD9545}.Release|iPhoneSimulator.ActiveCfg = Release|iPhoneSimulator
		{D7EC84AF-FEEF-4358-88C6-472374DD9545}.Release|iPhoneSimulator.Build.0 = Release|iPhoneSimulator
		{D7EC84AF-FEEF-4358-88C6-472374DD9545}.Release|iPhoneSimulator.Deploy.0 = Release|iPhoneSimulator
		{D7EC84AF-FEEF-4358-88C6-472374DD9545}.Release|x64.ActiveCfg = Release|iPhone
		{D7EC84AF-FEEF-4358-88C6-472374DD9545}.Release|x64.Build.0 = Release|iPhone
		{D7EC84AF-FEEF-4358-88C6-472374DD9545}.Release|x64.Deploy.0 = Release|iPhone
		{D7EC84AF-FEEF-4358-88C6-472374DD9545}.Release|x86.ActiveCfg = Release|iPhone
		{D7EC84AF-FEEF-4358-88C6-472374DD9545}.Release|x86.Build.0 = Release|iPhone
		{D7EC84AF-FEEF-4358-88C6-472374DD9545}.Release|x86.Deploy.0 = Release|iPhone
		{1D5DF4D0-4A37-4E67-AB92-C6C8B8C54503}.Debug|Any CPU.ActiveCfg = Debug|Any CPU
		{1D5DF4D0-4A37-4E67-AB92-C6C8B8C54503}.Debug|Any CPU.Build.0 = Debug|Any CPU
		{1D5DF4D0-4A37-4E67-AB92-C6C8B8C54503}.Debug|Any CPU.Deploy.0 = Debug|Any CPU
		{1D5DF4D0-4A37-4E67-AB92-C6C8B8C54503}.Debug|ARM.ActiveCfg = Debug|Any CPU
		{1D5DF4D0-4A37-4E67-AB92-C6C8B8C54503}.Debug|ARM.Build.0 = Debug|Any CPU
		{1D5DF4D0-4A37-4E67-AB92-C6C8B8C54503}.Debug|ARM.Deploy.0 = Debug|Any CPU
		{1D5DF4D0-4A37-4E67-AB92-C6C8B8C54503}.Debug|iPhone.ActiveCfg = Debug|Any CPU
		{1D5DF4D0-4A37-4E67-AB92-C6C8B8C54503}.Debug|iPhone.Build.0 = Debug|Any CPU
		{1D5DF4D0-4A37-4E67-AB92-C6C8B8C54503}.Debug|iPhone.Deploy.0 = Debug|Any CPU
		{1D5DF4D0-4A37-4E67-AB92-C6C8B8C54503}.Debug|iPhoneSimulator.ActiveCfg = Debug|Any CPU
		{1D5DF4D0-4A37-4E67-AB92-C6C8B8C54503}.Debug|iPhoneSimulator.Build.0 = Debug|Any CPU
		{1D5DF4D0-4A37-4E67-AB92-C6C8B8C54503}.Debug|iPhoneSimulator.Deploy.0 = Debug|Any CPU
		{1D5DF4D0-4A37-4E67-AB92-C6C8B8C54503}.Debug|x64.ActiveCfg = Debug|Any CPU
		{1D5DF4D0-4A37-4E67-AB92-C6C8B8C54503}.Debug|x64.Build.0 = Debug|Any CPU
		{1D5DF4D0-4A37-4E67-AB92-C6C8B8C54503}.Debug|x64.Deploy.0 = Debug|Any CPU
		{1D5DF4D0-4A37-4E67-AB92-C6C8B8C54503}.Debug|x86.ActiveCfg = Debug|Any CPU
		{1D5DF4D0-4A37-4E67-AB92-C6C8B8C54503}.Debug|x86.Build.0 = Debug|Any CPU
		{1D5DF4D0-4A37-4E67-AB92-C6C8B8C54503}.Debug|x86.Deploy.0 = Debug|Any CPU
		{1D5DF4D0-4A37-4E67-AB92-C6C8B8C54503}.Release|Any CPU.ActiveCfg = Release|Any CPU
		{1D5DF4D0-4A37-4E67-AB92-C6C8B8C54503}.Release|Any CPU.Build.0 = Release|Any CPU
		{1D5DF4D0-4A37-4E67-AB92-C6C8B8C54503}.Release|Any CPU.Deploy.0 = Release|Any CPU
		{1D5DF4D0-4A37-4E67-AB92-C6C8B8C54503}.Release|ARM.ActiveCfg = Release|Any CPU
		{1D5DF4D0-4A37-4E67-AB92-C6C8B8C54503}.Release|ARM.Build.0 = Release|Any CPU
		{1D5DF4D0-4A37-4E67-AB92-C6C8B8C54503}.Release|ARM.Deploy.0 = Release|Any CPU
		{1D5DF4D0-4A37-4E67-AB92-C6C8B8C54503}.Release|iPhone.ActiveCfg = Release|Any CPU
		{1D5DF4D0-4A37-4E67-AB92-C6C8B8C54503}.Release|iPhone.Build.0 = Release|Any CPU
		{1D5DF4D0-4A37-4E67-AB92-C6C8B8C54503}.Release|iPhone.Deploy.0 = Release|Any CPU
		{1D5DF4D0-4A37-4E67-AB92-C6C8B8C54503}.Release|iPhoneSimulator.ActiveCfg = Release|Any CPU
		{1D5DF4D0-4A37-4E67-AB92-C6C8B8C54503}.Release|iPhoneSimulator.Build.0 = Release|Any CPU
		{1D5DF4D0-4A37-4E67-AB92-C6C8B8C54503}.Release|iPhoneSimulator.Deploy.0 = Release|Any CPU
		{1D5DF4D0-4A37-4E67-AB92-C6C8B8C54503}.Release|x64.ActiveCfg = Release|Any CPU
		{1D5DF4D0-4A37-4E67-AB92-C6C8B8C54503}.Release|x64.Build.0 = Release|Any CPU
		{1D5DF4D0-4A37-4E67-AB92-C6C8B8C54503}.Release|x64.Deploy.0 = Release|Any CPU
		{1D5DF4D0-4A37-4E67-AB92-C6C8B8C54503}.Release|x86.ActiveCfg = Release|Any CPU
		{1D5DF4D0-4A37-4E67-AB92-C6C8B8C54503}.Release|x86.Build.0 = Release|Any CPU
		{1D5DF4D0-4A37-4E67-AB92-C6C8B8C54503}.Release|x86.Deploy.0 = Release|Any CPU
	EndGlobalSection
	GlobalSection(SolutionProperties) = preSolution
		HideSolutionNode = FALSE
	EndGlobalSection
	GlobalSection(ExtensibilityGlobals) = postSolution
		SolutionGuid = {01DE9B7F-E468-495A-B3A2-FB3CEF96635E}
	EndGlobalSection
EndGlobal
